
Microsoft Visual Studio Solution File, Format Version 12.00
# Visual Studio Version 17
VisualStudioVersion = 17.3.32819.101
MinimumVisualStudioVersion = 10.0.40219.1
Project("{FAE04EC0-301F-11D3-BF4B-00C04F79EFBC}") = "Text-Converter", "Text-Converter\Text-Converter.csproj", "{284375A2-5943-4A94-9455-038715885E9B}"
EndProject
Global
	GlobalSection(SolutionConfigurationPlatforms) = preSolution
		Debug|Any CPU = Debug|Any CPU
		Release|Any CPU = Release|Any CPU
	EndGlobalSection
	GlobalSection(ProjectConfigurationPlatforms) = postSolution
		{284375A2-5943-4A94-9455-038715885E9B}.Debug|Any CPU.ActiveCfg = Debug|Any CPU
		{284375A2-5943-4A94-9455-038715885E9B}.Debug|Any CPU.Build.0 = Debug|Any CPU
		{284375A2-5943-4A94-9455-038715885E9B}.Release|Any CPU.ActiveCfg = Release|Any CPU
		{284375A2-5943-4A94-9455-038715885E9B}.Release|Any CPU.Build.0 = Release|Any CPU
	EndGlobalSection
	GlobalSection(SolutionProperties) = preSolution
		HideSolutionNode = FALSE
	EndGlobalSection
	GlobalSection(ExtensibilityGlobals) = postSolution
		SolutionGuid = {C48C562A-05BD-467A-A35F-C89F80E338C3}
	EndGlobalSection
EndGlobal
